// !$*UTF8*$!
{
	archiveVersion = 1;
	classes = {
	};
	objectVersion = 56;
	objects = {

/* Begin PBXBuildFile section */
		110325452D52136500EAD400 /* AppDelegate.swift in Sources */ = {isa = PBXBuildFile; fileRef = 110325442D52136500EAD400 /* AppDelegate.swift */; };
		110325472D52136500EAD400 /* SceneDelegate.swift in Sources */ = {isa = PBXBuildFile; fileRef = 110325462D52136500EAD400 /* SceneDelegate.swift */; };
		1103254F2D52136500EAD400 /* RickAndMortyCleanSwift.xcdatamodeld in Sources */ = {isa = PBXBuildFile; fileRef = 1103254D2D52136500EAD400 /* RickAndMortyCleanSwift.xcdatamodeld */; };
		110325512D52136600EAD400 /* Assets.xcassets in Resources */ = {isa = PBXBuildFile; fileRef = 110325502D52136600EAD400 /* Assets.xcassets */; };
		110325542D52136600EAD400 /* Base in Resources */ = {isa = PBXBuildFile; fileRef = 110325532D52136600EAD400 /* Base */; };
		110325642D52181000EAD400 /* CharactersListInteractor.swift in Sources */ = {isa = PBXBuildFile; fileRef = 110325632D52181000EAD400 /* CharactersListInteractor.swift */; };
		110325662D52182100EAD400 /* CharactersListPresenter.swift in Sources */ = {isa = PBXBuildFile; fileRef = 110325652D52182100EAD400 /* CharactersListPresenter.swift */; };
		110325682D52182F00EAD400 /* CharactersListRouter.swift in Sources */ = {isa = PBXBuildFile; fileRef = 110325672D52182F00EAD400 /* CharactersListRouter.swift */; };
		1103256A2D52183B00EAD400 /* CharactersListModels.swift in Sources */ = {isa = PBXBuildFile; fileRef = 110325692D52183B00EAD400 /* CharactersListModels.swift */; };
		1103256C2D52185600EAD400 /* NetworkService.swift in Sources */ = {isa = PBXBuildFile; fileRef = 1103256B2D52185600EAD400 /* NetworkService.swift */; };
		1103256E2D52186800EAD400 /* CoreDataManager.swift in Sources */ = {isa = PBXBuildFile; fileRef = 1103256D2D52186800EAD400 /* CoreDataManager.swift */; };
		110325702D5218AF00EAD400 /* CharacterDetailsViewController.swift in Sources */ = {isa = PBXBuildFile; fileRef = 1103256F2D5218AF00EAD400 /* CharacterDetailsViewController.swift */; };
		110325722D5218C500EAD400 /* CharacterDetailsInteractor.swift in Sources */ = {isa = PBXBuildFile; fileRef = 110325712D5218C500EAD400 /* CharacterDetailsInteractor.swift */; };
		110325742D5218D100EAD400 /* CharacterDetailsPresenter.swift in Sources */ = {isa = PBXBuildFile; fileRef = 110325732D5218D100EAD400 /* CharacterDetailsPresenter.swift */; };
		110325762D5218DD00EAD400 /* CharacterDetailsRouter.swift in Sources */ = {isa = PBXBuildFile; fileRef = 110325752D5218DD00EAD400 /* CharacterDetailsRouter.swift */; };
		110325782D5218E700EAD400 /* CharacterDetailsModels.swift in Sources */ = {isa = PBXBuildFile; fileRef = 110325772D5218E700EAD400 /* CharacterDetailsModels.swift */; };
		1103257A2D52197A00EAD400 /* CharactersListViewController.swift in Sources */ = {isa = PBXBuildFile; fileRef = 110325792D52197A00EAD400 /* CharactersListViewController.swift */; };
		1103257C2D5221E200EAD400 /* CharacterTableViewCell.swift in Sources */ = {isa = PBXBuildFile; fileRef = 1103257B2D5221E200EAD400 /* CharacterTableViewCell.swift */; };
		110325822D5244FB00EAD400 /* ImageLoader.swift in Sources */ = {isa = PBXBuildFile; fileRef = 110325812D5244FB00EAD400 /* ImageLoader.swift */; };
		110325842D5255F300EAD400 /* CharacterDetailsFactory.swift in Sources */ = {isa = PBXBuildFile; fileRef = 110325832D5255F300EAD400 /* CharacterDetailsFactory.swift */; };
		110325872D526C4300EAD400 /* APIConstants.swift in Sources */ = {isa = PBXBuildFile; fileRef = 110325862D526C4300EAD400 /* APIConstants.swift */; };
		110325892D52703400EAD400 /* CharacterDetailsView.swift in Sources */ = {isa = PBXBuildFile; fileRef = 110325882D52703400EAD400 /* CharacterDetailsView.swift */; };
		1103258B2D52725500EAD400 /* CharactersListView.swift in Sources */ = {isa = PBXBuildFile; fileRef = 1103258A2D52725500EAD400 /* CharactersListView.swift */; };
		1103258D2D528D6D00EAD400 /* NetworkMonitor.swift in Sources */ = {isa = PBXBuildFile; fileRef = 1103258C2D528D6D00EAD400 /* NetworkMonitor.swift */; };
		1103258F2D5382FE00EAD400 /* ImageCacheManager.swift in Sources */ = {isa = PBXBuildFile; fileRef = 1103258E2D5382FE00EAD400 /* ImageCacheManager.swift */; };
/* End PBXBuildFile section */

/* Begin PBXFileReference section */
		110325412D52136500EAD400 /* RickAndMortyCleanSwift.app */ = {isa = PBXFileReference; explicitFileType = wrapper.application; includeInIndex = 0; path = RickAndMortyCleanSwift.app; sourceTree = BUILT_PRODUCTS_DIR; };
		110325442D52136500EAD400 /* AppDelegate.swift */ = {isa = PBXFileReference; lastKnownFileType = sourcecode.swift; path = AppDelegate.swift; sourceTree = "<group>"; };
		110325462D52136500EAD400 /* SceneDelegate.swift */ = {isa = PBXFileReference; lastKnownFileType = sourcecode.swift; path = SceneDelegate.swift; sourceTree = "<group>"; };
		1103254E2D52136500EAD400 /* RickAndMortyCleanSwift.xcdatamodel */ = {isa = PBXFileReference; lastKnownFileType = wrapper.xcdatamodel; path = RickAndMortyCleanSwift.xcdatamodel; sourceTree = "<group>"; };
		110325502D52136600EAD400 /* Assets.xcassets */ = {isa = PBXFileReference; lastKnownFileType = folder.assetcatalog; path = Assets.xcassets; sourceTree = "<group>"; };
		110325532D52136600EAD400 /* Base */ = {isa = PBXFileReference; lastKnownFileType = file.storyboard; name = Base; path = Base.lproj/LaunchScreen.storyboard; sourceTree = "<group>"; };
		110325552D52136600EAD400 /* Info.plist */ = {isa = PBXFileReference; lastKnownFileType = text.plist.xml; path = Info.plist; sourceTree = "<group>"; };
		110325632D52181000EAD400 /* CharactersListInteractor.swift */ = {isa = PBXFileReference; lastKnownFileType = sourcecode.swift; path = CharactersListInteractor.swift; sourceTree = "<group>"; };
		110325652D52182100EAD400 /* CharactersListPresenter.swift */ = {isa = PBXFileReference; lastKnownFileType = sourcecode.swift; path = CharactersListPresenter.swift; sourceTree = "<group>"; };
		110325672D52182F00EAD400 /* CharactersListRouter.swift */ = {isa = PBXFileReference; lastKnownFileType = sourcecode.swift; path = CharactersListRouter.swift; sourceTree = "<group>"; };
		110325692D52183B00EAD400 /* CharactersListModels.swift */ = {isa = PBXFileReference; lastKnownFileType = sourcecode.swift; path = CharactersListModels.swift; sourceTree = "<group>"; };
		1103256B2D52185600EAD400 /* NetworkService.swift */ = {isa = PBXFileReference; lastKnownFileType = sourcecode.swift; path = NetworkService.swift; sourceTree = "<group>"; };
		1103256D2D52186800EAD400 /* CoreDataManager.swift */ = {isa = PBXFileReference; lastKnownFileType = sourcecode.swift; path = CoreDataManager.swift; sourceTree = "<group>"; };
		1103256F2D5218AF00EAD400 /* CharacterDetailsViewController.swift */ = {isa = PBXFileReference; lastKnownFileType = sourcecode.swift; path = CharacterDetailsViewController.swift; sourceTree = "<group>"; };
		110325712D5218C500EAD400 /* CharacterDetailsInteractor.swift */ = {isa = PBXFileReference; lastKnownFileType = sourcecode.swift; path = CharacterDetailsInteractor.swift; sourceTree = "<group>"; };
		110325732D5218D100EAD400 /* CharacterDetailsPresenter.swift */ = {isa = PBXFileReference; lastKnownFileType = sourcecode.swift; path = CharacterDetailsPresenter.swift; sourceTree = "<group>"; };
		110325752D5218DD00EAD400 /* CharacterDetailsRouter.swift */ = {isa = PBXFileReference; lastKnownFileType = sourcecode.swift; path = CharacterDetailsRouter.swift; sourceTree = "<group>"; };
		110325772D5218E700EAD400 /* CharacterDetailsModels.swift */ = {isa = PBXFileReference; lastKnownFileType = sourcecode.swift; path = CharacterDetailsModels.swift; sourceTree = "<group>"; };
		110325792D52197A00EAD400 /* CharactersListViewController.swift */ = {isa = PBXFileReference; lastKnownFileType = sourcecode.swift; path = CharactersListViewController.swift; sourceTree = "<group>"; };
		1103257B2D5221E200EAD400 /* CharacterTableViewCell.swift */ = {isa = PBXFileReference; lastKnownFileType = sourcecode.swift; path = CharacterTableViewCell.swift; sourceTree = "<group>"; };
		110325812D5244FB00EAD400 /* ImageLoader.swift */ = {isa = PBXFileReference; lastKnownFileType = sourcecode.swift; path = ImageLoader.swift; sourceTree = "<group>"; };
		110325832D5255F300EAD400 /* CharacterDetailsFactory.swift */ = {isa = PBXFileReference; lastKnownFileType = sourcecode.swift; path = CharacterDetailsFactory.swift; sourceTree = "<group>"; };
		110325862D526C4300EAD400 /* APIConstants.swift */ = {isa = PBXFileReference; lastKnownFileType = sourcecode.swift; path = APIConstants.swift; sourceTree = "<group>"; };
		110325882D52703400EAD400 /* CharacterDetailsView.swift */ = {isa = PBXFileReference; lastKnownFileType = sourcecode.swift; path = CharacterDetailsView.swift; sourceTree = "<group>"; };
		1103258A2D52725500EAD400 /* CharactersListView.swift */ = {isa = PBXFileReference; lastKnownFileType = sourcecode.swift; path = CharactersListView.swift; sourceTree = "<group>"; };
		1103258C2D528D6D00EAD400 /* NetworkMonitor.swift */ = {isa = PBXFileReference; lastKnownFileType = sourcecode.swift; path = NetworkMonitor.swift; sourceTree = "<group>"; };
		1103258E2D5382FE00EAD400 /* ImageCacheManager.swift */ = {isa = PBXFileReference; lastKnownFileType = sourcecode.swift; path = ImageCacheManager.swift; sourceTree = "<group>"; };
/* End PBXFileReference section */

/* Begin PBXFrameworksBuildPhase section */
		1103253E2D52136500EAD400 /* Frameworks */ = {
			isa = PBXFrameworksBuildPhase;
			buildActionMask = 2147483647;
			files = (
			);
			runOnlyForDeploymentPostprocessing = 0;
		};
/* End PBXFrameworksBuildPhase section */

/* Begin PBXGroup section */
		110325382D52136500EAD400 = {
			isa = PBXGroup;
			children = (
				110325432D52136500EAD400 /* RickAndMortyCleanSwift */,
				110325422D52136500EAD400 /* Products */,
			);
			sourceTree = "<group>";
		};
		110325422D52136500EAD400 /* Products */ = {
			isa = PBXGroup;
			children = (
				110325412D52136500EAD400 /* RickAndMortyCleanSwift.app */,
			);
			name = Products;
			sourceTree = "<group>";
		};
		110325432D52136500EAD400 /* RickAndMortyCleanSwift */ = {
			isa = PBXGroup;
			children = (
				110325442D52136500EAD400 /* AppDelegate.swift */,
				110325462D52136500EAD400 /* SceneDelegate.swift */,
				1103255B2D52155600EAD400 /* Scenes */,
				1103255C2D52156500EAD400 /* Services */,
				1103255D2D52157400EAD400 /* Managers */,
				110325852D526C2700EAD400 /* Config */,
				1103255E2D52158500EAD400 /* Helpers */,
				110325502D52136600EAD400 /* Assets.xcassets */,
				110325522D52136600EAD400 /* LaunchScreen.storyboard */,
				110325552D52136600EAD400 /* Info.plist */,
				1103254D2D52136500EAD400 /* RickAndMortyCleanSwift.xcdatamodeld */,
			);
			path = RickAndMortyCleanSwift;
			sourceTree = "<group>";
		};
		1103255B2D52155600EAD400 /* Scenes */ = {
			isa = PBXGroup;
			children = (
				1103255F2D5217CE00EAD400 /* CharactersList */,
				110325602D5217DC00EAD400 /* CharacterDetails */,
			);
			path = Scenes;
			sourceTree = "<group>";
		};
		1103255C2D52156500EAD400 /* Services */ = {
			isa = PBXGroup;
			children = (
				1103256B2D52185600EAD400 /* NetworkService.swift */,
				110325812D5244FB00EAD400 /* ImageLoader.swift */,
			);
			path = Services;
			sourceTree = "<group>";
		};
		1103255D2D52157400EAD400 /* Managers */ = {
			isa = PBXGroup;
			children = (
				1103256D2D52186800EAD400 /* CoreDataManager.swift */,
				1103258C2D528D6D00EAD400 /* NetworkMonitor.swift */,
				1103258E2D5382FE00EAD400 /* ImageCacheManager.swift */,
			);
			path = Managers;
			sourceTree = "<group>";
		};
		1103255E2D52158500EAD400 /* Helpers */ = {
			isa = PBXGroup;
			children = (
			);
			path = Helpers;
			sourceTree = "<group>";
		};
		1103255F2D5217CE00EAD400 /* CharactersList */ = {
			isa = PBXGroup;
			children = (
				110325792D52197A00EAD400 /* CharactersListViewController.swift */,
				1103258A2D52725500EAD400 /* CharactersListView.swift */,
				110325632D52181000EAD400 /* CharactersListInteractor.swift */,
				110325652D52182100EAD400 /* CharactersListPresenter.swift */,
				110325672D52182F00EAD400 /* CharactersListRouter.swift */,
				110325692D52183B00EAD400 /* CharactersListModels.swift */,
				1103257B2D5221E200EAD400 /* CharacterTableViewCell.swift */,
			);
			path = CharactersList;
			sourceTree = "<group>";
		};
		110325602D5217DC00EAD400 /* CharacterDetails */ = {
			isa = PBXGroup;
			children = (
				1103256F2D5218AF00EAD400 /* CharacterDetailsViewController.swift */,
				110325882D52703400EAD400 /* CharacterDetailsView.swift */,
				110325712D5218C500EAD400 /* CharacterDetailsInteractor.swift */,
				110325732D5218D100EAD400 /* CharacterDetailsPresenter.swift */,
				110325752D5218DD00EAD400 /* CharacterDetailsRouter.swift */,
				110325772D5218E700EAD400 /* CharacterDetailsModels.swift */,
				110325832D5255F300EAD400 /* CharacterDetailsFactory.swift */,
			);
			path = CharacterDetails;
			sourceTree = "<group>";
		};
		110325852D526C2700EAD400 /* Config */ = {
			isa = PBXGroup;
			children = (
				110325862D526C4300EAD400 /* APIConstants.swift */,
			);
			path = Config;
			sourceTree = "<group>";
		};
/* End PBXGroup section */

/* Begin PBXNativeTarget section */
		110325402D52136500EAD400 /* RickAndMortyCleanSwift */ = {
			isa = PBXNativeTarget;
			buildConfigurationList = 110325582D52136600EAD400 /* Build configuration list for PBXNativeTarget "RickAndMortyCleanSwift" */;
			buildPhases = (
				1103253D2D52136500EAD400 /* Sources */,
				1103253E2D52136500EAD400 /* Frameworks */,
				1103253F2D52136500EAD400 /* Resources */,
			);
			buildRules = (
			);
			dependencies = (
			);
			name = RickAndMortyCleanSwift;
			productName = RickAndMortyCleanSwift;
			productReference = 110325412D52136500EAD400 /* RickAndMortyCleanSwift.app */;
			productType = "com.apple.product-type.application";
		};
/* End PBXNativeTarget section */

/* Begin PBXProject section */
		110325392D52136500EAD400 /* Project object */ = {
			isa = PBXProject;
			attributes = {
				BuildIndependentTargetsInParallel = 1;
				LastSwiftUpdateCheck = 1540;
				LastUpgradeCheck = 1540;
				TargetAttributes = {
					110325402D52136500EAD400 = {
						CreatedOnToolsVersion = 15.4;
					};
				};
			};
			buildConfigurationList = 1103253C2D52136500EAD400 /* Build configuration list for PBXProject "RickAndMortyCleanSwift" */;
			compatibilityVersion = "Xcode 14.0";
			developmentRegion = en;
			hasScannedForEncodings = 0;
			knownRegions = (
				en,
				Base,
			);
			mainGroup = 110325382D52136500EAD400;
			productRefGroup = 110325422D52136500EAD400 /* Products */;
			projectDirPath = "";
			projectRoot = "";
			targets = (
				110325402D52136500EAD400 /* RickAndMortyCleanSwift */,
			);
		};
/* End PBXProject section */

/* Begin PBXResourcesBuildPhase section */
		1103253F2D52136500EAD400 /* Resources */ = {
			isa = PBXResourcesBuildPhase;
			buildActionMask = 2147483647;
			files = (
				110325512D52136600EAD400 /* Assets.xcassets in Resources */,
				110325542D52136600EAD400 /* Base in Resources */,
			);
			runOnlyForDeploymentPostprocessing = 0;
		};
/* End PBXResourcesBuildPhase section */

/* Begin PBXSourcesBuildPhase section */
		1103253D2D52136500EAD400 /* Sources */ = {
			isa = PBXSourcesBuildPhase;
			buildActionMask = 2147483647;
			files = (
				1103256C2D52185600EAD400 /* NetworkService.swift in Sources */,
				110325722D5218C500EAD400 /* CharacterDetailsInteractor.swift in Sources */,
				110325642D52181000EAD400 /* CharactersListInteractor.swift in Sources */,
				110325892D52703400EAD400 /* CharacterDetailsView.swift in Sources */,
				110325682D52182F00EAD400 /* CharactersListRouter.swift in Sources */,
				110325742D5218D100EAD400 /* CharacterDetailsPresenter.swift in Sources */,
				110325872D526C4300EAD400 /* APIConstants.swift in Sources */,
				110325842D5255F300EAD400 /* CharacterDetailsFactory.swift in Sources */,
				1103257A2D52197A00EAD400 /* CharactersListViewController.swift in Sources */,
				110325702D5218AF00EAD400 /* CharacterDetailsViewController.swift in Sources */,
				1103257C2D5221E200EAD400 /* CharacterTableViewCell.swift in Sources */,
				1103258D2D528D6D00EAD400 /* NetworkMonitor.swift in Sources */,
				1103258B2D52725500EAD400 /* CharactersListView.swift in Sources */,
				110325452D52136500EAD400 /* AppDelegate.swift in Sources */,
				110325662D52182100EAD400 /* CharactersListPresenter.swift in Sources */,
				1103256A2D52183B00EAD400 /* CharactersListModels.swift in Sources */,
				110325822D5244FB00EAD400 /* ImageLoader.swift in Sources */,
				110325762D5218DD00EAD400 /* CharacterDetailsRouter.swift in Sources */,
				1103254F2D52136500EAD400 /* RickAndMortyCleanSwift.xcdatamodeld in Sources */,
				110325472D52136500EAD400 /* SceneDelegate.swift in Sources */,
				110325782D5218E700EAD400 /* CharacterDetailsModels.swift in Sources */,
				1103256E2D52186800EAD400 /* CoreDataManager.swift in Sources */,
				1103258F2D5382FE00EAD400 /* ImageCacheManager.swift in Sources */,
			);
			runOnlyForDeploymentPostprocessing = 0;
		};
/* End PBXSourcesBuildPhase section */

/* Begin PBXVariantGroup section */
		110325522D52136600EAD400 /* LaunchScreen.storyboard */ = {
			isa = PBXVariantGroup;
			children = (
				110325532D52136600EAD400 /* Base */,
			);
			name = LaunchScreen.storyboard;
			sourceTree = "<group>";
		};
/* End PBXVariantGroup section */

/* Begin XCBuildConfiguration section */
		110325562D52136600EAD400 /* Debug */ = {
			isa = XCBuildConfiguration;
			buildSettings = {
				ALWAYS_SEARCH_USER_PATHS = NO;
				ASSETCATALOG_COMPILER_GENERATE_SWIFT_ASSET_SYMBOL_EXTENSIONS = YES;
				CLANG_ANALYZER_NONNULL = YES;
				CLANG_ANALYZER_NUMBER_OBJECT_CONVERSION = YES_AGGRESSIVE;
				CLANG_CXX_LANGUAGE_STANDARD = "gnu++20";
				CLANG_ENABLE_MODULES = YES;
				CLANG_ENABLE_OBJC_ARC = YES;
				CLANG_ENABLE_OBJC_WEAK = YES;
				CLANG_WARN_BLOCK_CAPTURE_AUTORELEASING = YES;
				CLANG_WARN_BOOL_CONVERSION = YES;
				CLANG_WARN_COMMA = YES;
				CLANG_WARN_CONSTANT_CONVERSION = YES;
				CLANG_WARN_DEPRECATED_OBJC_IMPLEMENTATIONS = YES;
				CLANG_WARN_DIRECT_OBJC_ISA_USAGE = YES_ERROR;
				CLANG_WARN_DOCUMENTATION_COMMENTS = YES;
				CLANG_WARN_EMPTY_BODY = YES;
				CLANG_WARN_ENUM_CONVERSION = YES;
				CLANG_WARN_INFINITE_RECURSION = YES;
				CLANG_WARN_INT_CONVERSION = YES;
				CLANG_WARN_NON_LITERAL_NULL_CONVERSION = YES;
				CLANG_WARN_OBJC_IMPLICIT_RETAIN_SELF = YES;
				CLANG_WARN_OBJC_LITERAL_CONVERSION = YES;
				CLANG_WARN_OBJC_ROOT_CLASS = YES_ERROR;
				CLANG_WARN_QUOTED_INCLUDE_IN_FRAMEWORK_HEADER = YES;
				CLANG_WARN_RANGE_LOOP_ANALYSIS = YES;
				CLANG_WARN_STRICT_PROTOTYPES = YES;
				CLANG_WARN_SUSPICIOUS_MOVE = YES;
				CLANG_WARN_UNGUARDED_AVAILABILITY = YES_AGGRESSIVE;
				CLANG_WARN_UNREACHABLE_CODE = YES;
				CLANG_WARN__DUPLICATE_METHOD_MATCH = YES;
				COPY_PHASE_STRIP = NO;
				DEBUG_INFORMATION_FORMAT = dwarf;
				ENABLE_STRICT_OBJC_MSGSEND = YES;
				ENABLE_TESTABILITY = YES;
				ENABLE_USER_SCRIPT_SANDBOXING = YES;
				GCC_C_LANGUAGE_STANDARD = gnu17;
				GCC_DYNAMIC_NO_PIC = NO;
				GCC_NO_COMMON_BLOCKS = YES;
				GCC_OPTIMIZATION_LEVEL = 0;
				GCC_PREPROCESSOR_DEFINITIONS = (
					"DEBUG=1",
					"$(inherited)",
				);
				GCC_WARN_64_TO_32_BIT_CONVERSION = YES;
				GCC_WARN_ABOUT_RETURN_TYPE = YES_ERROR;
				GCC_WARN_UNDECLARED_SELECTOR = YES;
				GCC_WARN_UNINITIALIZED_AUTOS = YES_AGGRESSIVE;
				GCC_WARN_UNUSED_FUNCTION = YES;
				GCC_WARN_UNUSED_VARIABLE = YES;
				IPHONEOS_DEPLOYMENT_TARGET = 17.5;
				LOCALIZATION_PREFERS_STRING_CATALOGS = YES;
				MTL_ENABLE_DEBUG_INFO = INCLUDE_SOURCE;
				MTL_FAST_MATH = YES;
				ONLY_ACTIVE_ARCH = YES;
				SDKROOT = iphoneos;
				SWIFT_ACTIVE_COMPILATION_CONDITIONS = "DEBUG $(inherited)";
				SWIFT_OPTIMIZATION_LEVEL = "-Onone";
			};
			name = Debug;
		};
		110325572D52136600EAD400 /* Release */ = {
			isa = XCBuildConfiguration;
			buildSettings = {
				ALWAYS_SEARCH_USER_PATHS = NO;
				ASSETCATALOG_COMPILER_GENERATE_SWIFT_ASSET_SYMBOL_EXTENSIONS = YES;
				CLANG_ANALYZER_NONNULL = YES;
				CLANG_ANALYZER_NUMBER_OBJECT_CONVERSION = YES_AGGRESSIVE;
				CLANG_CXX_LANGUAGE_STANDARD = "gnu++20";
				CLANG_ENABLE_MODULES = YES;
				CLANG_ENABLE_OBJC_ARC = YES;
				CLANG_ENABLE_OBJC_WEAK = YES;
				CLANG_WARN_BLOCK_CAPTURE_AUTORELEASING = YES;
				CLANG_WARN_BOOL_CONVERSION = YES;
				CLANG_WARN_COMMA = YES;
				CLANG_WARN_CONSTANT_CONVERSION = YES;
				CLANG_WARN_DEPRECATED_OBJC_IMPLEMENTATIONS = YES;
				CLANG_WARN_DIRECT_OBJC_ISA_USAGE = YES_ERROR;
				CLANG_WARN_DOCUMENTATION_COMMENTS = YES;
				CLANG_WARN_EMPTY_BODY = YES;
				CLANG_WARN_ENUM_CONVERSION = YES;
				CLANG_WARN_INFINITE_RECURSION = YES;
				CLANG_WARN_INT_CONVERSION = YES;
				CLANG_WARN_NON_LITERAL_NULL_CONVERSION = YES;
				CLANG_WARN_OBJC_IMPLICIT_RETAIN_SELF = YES;
				CLANG_WARN_OBJC_LITERAL_CONVERSION = YES;
				CLANG_WARN_OBJC_ROOT_CLASS = YES_ERROR;
				CLANG_WARN_QUOTED_INCLUDE_IN_FRAMEWORK_HEADER = YES;
				CLANG_WARN_RANGE_LOOP_ANALYSIS = YES;
				CLANG_WARN_STRICT_PROTOTYPES = YES;
				CLANG_WARN_SUSPICIOUS_MOVE = YES;
				CLANG_WARN_UNGUARDED_AVAILABILITY = YES_AGGRESSIVE;
				CLANG_WARN_UNREACHABLE_CODE = YES;
				CLANG_WARN__DUPLICATE_METHOD_MATCH = YES;
				COPY_PHASE_STRIP = NO;
				DEBUG_INFORMATION_FORMAT = "dwarf-with-dsym";
				ENABLE_NS_ASSERTIONS = NO;
				ENABLE_STRICT_OBJC_MSGSEND = YES;
				ENABLE_USER_SCRIPT_SANDBOXING = YES;
				GCC_C_LANGUAGE_STANDARD = gnu17;
				GCC_NO_COMMON_BLOCKS = YES;
				GCC_WARN_64_TO_32_BIT_CONVERSION = YES;
				GCC_WARN_ABOUT_RETURN_TYPE = YES_ERROR;
				GCC_WARN_UNDECLARED_SELECTOR = YES;
				GCC_WARN_UNINITIALIZED_AUTOS = YES_AGGRESSIVE;
				GCC_WARN_UNUSED_FUNCTION = YES;
				GCC_WARN_UNUSED_VARIABLE = YES;
				IPHONEOS_DEPLOYMENT_TARGET = 17.5;
				LOCALIZATION_PREFERS_STRING_CATALOGS = YES;
				MTL_ENABLE_DEBUG_INFO = NO;
				MTL_FAST_MATH = YES;
				SDKROOT = iphoneos;
				SWIFT_COMPILATION_MODE = wholemodule;
				VALIDATE_PRODUCT = YES;
			};
			name = Release;
		};
		110325592D52136600EAD400 /* Debug */ = {
			isa = XCBuildConfiguration;
			buildSettings = {
				ASSETCATALOG_COMPILER_APPICON_NAME = AppIcon;
				ASSETCATALOG_COMPILER_GLOBAL_ACCENT_COLOR_NAME = AccentColor;
				CODE_SIGN_STYLE = Automatic;
				CURRENT_PROJECT_VERSION = 1;
				DEVELOPMENT_TEAM = 6KKCSVG8J3;
				GENERATE_INFOPLIST_FILE = YES;
				INFOPLIST_FILE = RickAndMortyCleanSwift/Info.plist;
				INFOPLIST_KEY_UIApplicationSupportsIndirectInputEvents = YES;
				INFOPLIST_KEY_UILaunchStoryboardName = LaunchScreen;
				INFOPLIST_KEY_UISupportedInterfaceOrientations_iPad = "UIInterfaceOrientationPortrait UIInterfaceOrientationPortraitUpsideDown UIInterfaceOrientationLandscapeLeft UIInterfaceOrientationLandscapeRight";
				INFOPLIST_KEY_UISupportedInterfaceOrientations_iPhone = "UIInterfaceOrientationPortrait UIInterfaceOrientationLandscapeLeft UIInterfaceOrientationLandscapeRight";
				IPHONEOS_DEPLOYMENT_TARGET = 15.0;
				LD_RUNPATH_SEARCH_PATHS = (
					"$(inherited)",
					"@executable_path/Frameworks",
				);
				MARKETING_VERSION = 1.0;
				PRODUCT_BUNDLE_IDENTIFIER = com.gin.dev.RickAndMortyCleanSwift;
				PRODUCT_NAME = "$(TARGET_NAME)";
				SUPPORTED_PLATFORMS = "iphoneos iphonesimulator";
				SUPPORTS_MACCATALYST = NO;
				SUPPORTS_MAC_DESIGNED_FOR_IPHONE_IPAD = NO;
				SUPPORTS_XR_DESIGNED_FOR_IPHONE_IPAD = NO;
				SWIFT_EMIT_LOC_STRINGS = YES;
				SWIFT_VERSION = 5.0;
				TARGETED_DEVICE_FAMILY = "1,2";
			};
			name = Debug;
		};
		1103255A2D52136600EAD400 /* Release */ = {
			isa = XCBuildConfiguration;
			buildSettings = {
				ASSETCATALOG_COMPILER_APPICON_NAME = AppIcon;
				ASSETCATALOG_COMPILER_GLOBAL_ACCENT_COLOR_NAME = AccentColor;
				CODE_SIGN_STYLE = Automatic;
				CURRENT_PROJECT_VERSION = 1;
				DEVELOPMENT_TEAM = 6KKCSVG8J3;
				GENERATE_INFOPLIST_FILE = YES;
				INFOPLIST_FILE = RickAndMortyCleanSwift/Info.plist;
				INFOPLIST_KEY_UIApplicationSupportsIndirectInputEvents = YES;
				INFOPLIST_KEY_UILaunchStoryboardName = LaunchScreen;
				INFOPLIST_KEY_UISupportedInterfaceOrientations_iPad = "UIInterfaceOrientationPortrait UIInterfaceOrientationPortraitUpsideDown UIInterfaceOrientationLandscapeLeft UIInterfaceOrientationLandscapeRight";
				INFOPLIST_KEY_UISupportedInterfaceOrientations_iPhone = "UIInterfaceOrientationPortrait UIInterfaceOrientationLandscapeLeft UIInterfaceOrientationLandscapeRight";
				IPHONEOS_DEPLOYMENT_TARGET = 15.0;
				LD_RUNPATH_SEARCH_PATHS = (
					"$(inherited)",
					"@executable_path/Frameworks",
				);
				MARKETING_VERSION = 1.0;
				PRODUCT_BUNDLE_IDENTIFIER = com.gin.dev.RickAndMortyCleanSwift;
				PRODUCT_NAME = "$(TARGET_NAME)";
				SUPPORTED_PLATFORMS = "iphoneos iphonesimulator";
				SUPPORTS_MACCATALYST = NO;
				SUPPORTS_MAC_DESIGNED_FOR_IPHONE_IPAD = NO;
				SUPPORTS_XR_DESIGNED_FOR_IPHONE_IPAD = NO;
				SWIFT_EMIT_LOC_STRINGS = YES;
				SWIFT_VERSION = 5.0;
				TARGETED_DEVICE_FAMILY = "1,2";
			};
			name = Release;
		};
/* End XCBuildConfiguration section */

/* Begin XCConfigurationList section */
		1103253C2D52136500EAD400 /* Build configuration list for PBXProject "RickAndMortyCleanSwift" */ = {
			isa = XCConfigurationList;
			buildConfigurations = (
				110325562D52136600EAD400 /* Debug */,
				110325572D52136600EAD400 /* Release */,
			);
			defaultConfigurationIsVisible = 0;
			defaultConfigurationName = Release;
		};
		110325582D52136600EAD400 /* Build configuration list for PBXNativeTarget "RickAndMortyCleanSwift" */ = {
			isa = XCConfigurationList;
			buildConfigurations = (
				110325592D52136600EAD400 /* Debug */,
				1103255A2D52136600EAD400 /* Release */,
			);
			defaultConfigurationIsVisible = 0;
			defaultConfigurationName = Release;
		};
/* End XCConfigurationList section */

/* Begin XCVersionGroup section */
		1103254D2D52136500EAD400 /* RickAndMortyCleanSwift.xcdatamodeld */ = {
			isa = XCVersionGroup;
			children = (
				1103254E2D52136500EAD400 /* RickAndMortyCleanSwift.xcdatamodel */,
			);
			currentVersion = 1103254E2D52136500EAD400 /* RickAndMortyCleanSwift.xcdatamodel */;
			path = RickAndMortyCleanSwift.xcdatamodeld;
			sourceTree = "<group>";
			versionGroupType = wrapper.xcdatamodel;
		};
/* End XCVersionGroup section */
	};
	rootObject = 110325392D52136500EAD400 /* Project object */;
}
